
Microsoft Visual Studio Solution File, Format Version 12.00
# Visual Studio 15
Project("{FAE04EC0-301F-11D3-BF4B-00C04F79EFBC}") = "SelectionSortTest", "SelectionSortTest\SelectionSortTest.csproj", "{EACEBA84-7FF2-4A7B-B70A-60AF703F4D6E}"
EndProject
Global
	GlobalSection(SolutionConfigurationPlatforms) = preSolution
		Debug|anycpu = Debug|anycpu
		Release|anycpu = Release|anycpu
	EndGlobalSection
	GlobalSection(ProjectConfigurationPlatforms) = postSolution
		{EACEBA84-7FF2-4A7B-B70A-60AF703F4D6E}.Debug|anycpu.ActiveCfg = Debug|anycpu
		{EACEBA84-7FF2-4A7B-B70A-60AF703F4D6E}.Debug|anycpu.Build.0 = Debug|anycpu
		{EACEBA84-7FF2-4A7B-B70A-60AF703F4D6E}.Release|anycpu.ActiveCfg = Release|anycpu
		{EACEBA84-7FF2-4A7B-B70A-60AF703F4D6E}.Release|anycpu.Build.0 = Release|anycpu
	EndGlobalSection
EndGlobal
